
Microsoft Visual Studio Solution File, Format Version 12.00
# Visual Studio Version 16
VisualStudioVersion = 16.0.29230.47
MinimumVisualStudioVersion = 10.0.40219.1
Project("{FAE04EC0-301F-11D3-BF4B-00C04F79EFBC}") = "simpleCalcApp", "simpleCalcApp\simpleCalcApp.csproj", "{48272367-43CC-4625-BE05-F63B739104BD}"
EndProject
Global
	GlobalSection(SolutionConfigurationPlatforms) = preSolution
		Debug|Any CPU = Debug|Any CPU
		Release|Any CPU = Release|Any CPU
	EndGlobalSection
	GlobalSection(ProjectConfigurationPlatforms) = postSolution
		{48272367-43CC-4625-BE05-F63B739104BD}.Debug|Any CPU.ActiveCfg = Debug|Any CPU
		{48272367-43CC-4625-BE05-F63B739104BD}.Debug|Any CPU.Build.0 = Debug|Any CPU
		{48272367-43CC-4625-BE05-F63B739104BD}.Release|Any CPU.ActiveCfg = Release|Any CPU
		{48272367-43CC-4625-BE05-F63B739104BD}.Release|Any CPU.Build.0 = Release|Any CPU
	EndGlobalSection
	GlobalSection(SolutionProperties) = preSolution
		HideSolutionNode = FALSE
	EndGlobalSection
	GlobalSection(ExtensibilityGlobals) = postSolution
		SolutionGuid = {70B4836F-48AF-4E80-8BE9-FE812D4B9506}
	EndGlobalSection
EndGlobal
